
Microsoft Visual Studio Solution File, Format Version 12.00
# Visual Studio Version 16
VisualStudioVersion = 16.0.29411.108
MinimumVisualStudioVersion = 10.0.40219.1
Project("{9A19103F-16F7-4668-BE54-9A1E7A4F7556}") = "AccountOwnerServer", "AccountOwnerServer.csproj", "{8258308C-6784-467B-A116-56A59C3D098C}"
EndProject
Project("{9A19103F-16F7-4668-BE54-9A1E7A4F7556}") = "Contracts", "..\Contracts\Contracts.csproj", "{26D578A1-523A-4754-9455-02A58779E3BF}"
EndProject
Project("{9A19103F-16F7-4668-BE54-9A1E7A4F7556}") = "LoggerService", "..\LoggerService\LoggerService.csproj", "{AA083CE0-A048-4E69-9F65-356117E39AFE}"
EndProject
Project("{9A19103F-16F7-4668-BE54-9A1E7A4F7556}") = "Entities", "..\Entities\Entities.csproj", "{C811AEC2-0D97-46FA-A076-2BE44B846D54}"
EndProject
Project("{FAE04EC0-301F-11D3-BF4B-00C04F79EFBC}") = "Repository", "..\Repository\Repository.csproj", "{F1905F83-FAE6-4A1D-8F77-20279CB714B9}"
EndProject
Global
	GlobalSection(SolutionConfigurationPlatforms) = preSolution
		Debug|Any CPU = Debug|Any CPU
		Release|Any CPU = Release|Any CPU
	EndGlobalSection
	GlobalSection(ProjectConfigurationPlatforms) = postSolution
		{8258308C-6784-467B-A116-56A59C3D098C}.Debug|Any CPU.ActiveCfg = Debug|Any CPU
		{8258308C-6784-467B-A116-56A59C3D098C}.Debug|Any CPU.Build.0 = Debug|Any CPU
		{8258308C-6784-467B-A116-56A59C3D098C}.Release|Any CPU.ActiveCfg = Release|Any CPU
		{8258308C-6784-467B-A116-56A59C3D098C}.Release|Any CPU.Build.0 = Release|Any CPU
		{26D578A1-523A-4754-9455-02A58779E3BF}.Debug|Any CPU.ActiveCfg = Debug|Any CPU
		{26D578A1-523A-4754-9455-02A58779E3BF}.Debug|Any CPU.Build.0 = Debug|Any CPU
		{26D578A1-523A-4754-9455-02A58779E3BF}.Release|Any CPU.ActiveCfg = Release|Any CPU
		{26D578A1-523A-4754-9455-02A58779E3BF}.Release|Any CPU.Build.0 = Release|Any CPU
		{AA083CE0-A048-4E69-9F65-356117E39AFE}.Debug|Any CPU.ActiveCfg = Debug|Any CPU
		{AA083CE0-A048-4E69-9F65-356117E39AFE}.Debug|Any CPU.Build.0 = Debug|Any CPU
		{AA083CE0-A048-4E69-9F65-356117E39AFE}.Release|Any CPU.ActiveCfg = Release|Any CPU
		{AA083CE0-A048-4E69-9F65-356117E39AFE}.Release|Any CPU.Build.0 = Release|Any CPU
		{C811AEC2-0D97-46FA-A076-2BE44B846D54}.Debug|Any CPU.ActiveCfg = Debug|Any CPU
		{C811AEC2-0D97-46FA-A076-2BE44B846D54}.Debug|Any CPU.Build.0 = Debug|Any CPU
		{C811AEC2-0D97-46FA-A076-2BE44B846D54}.Release|Any CPU.ActiveCfg = Release|Any CPU
		{C811AEC2-0D97-46FA-A076-2BE44B846D54}.Release|Any CPU.Build.0 = Release|Any CPU
		{F1905F83-FAE6-4A1D-8F77-20279CB714B9}.Debug|Any CPU.ActiveCfg = Debug|Any CPU
		{F1905F83-FAE6-4A1D-8F77-20279CB714B9}.Debug|Any CPU.Build.0 = Debug|Any CPU
		{F1905F83-FAE6-4A1D-8F77-20279CB714B9}.Release|Any CPU.ActiveCfg = Release|Any CPU
		{F1905F83-FAE6-4A1D-8F77-20279CB714B9}.Release|Any CPU.Build.0 = Release|Any CPU
	EndGlobalSection
	GlobalSection(SolutionProperties) = preSolution
		HideSolutionNode = FALSE
	EndGlobalSection
	GlobalSection(ExtensibilityGlobals) = postSolution
		SolutionGuid = {4F152A9A-E983-4CD5-9693-23EF5DE4D017}
	EndGlobalSection
EndGlobal
